
Microsoft Visual Studio Solution File, Format Version 12.00
# Visual Studio Version 17
VisualStudioVersion = 17.2.32630.192
MinimumVisualStudioVersion = 10.0.40219.1
Project("{FAE04EC0-301F-11D3-BF4B-00C04F79EFBC}") = "Usb_App", "Usb_App.csproj", "{8B96341D-0382-4AA4-ADA4-A20C44DDFEED}"
EndProject
Global
	GlobalSection(SolutionConfigurationPlatforms) = preSolution
		Debug|Any CPU = Debug|Any CPU
		Release|Any CPU = Release|Any CPU
	EndGlobalSection
	GlobalSection(ProjectConfigurationPlatforms) = postSolution
		{8B96341D-0382-4AA4-ADA4-A20C44DDFEED}.Debug|Any CPU.ActiveCfg = Debug|Any CPU
		{8B96341D-0382-4AA4-ADA4-A20C44DDFEED}.Debug|Any CPU.Build.0 = Debug|Any CPU
		{8B96341D-0382-4AA4-ADA4-A20C44DDFEED}.Release|Any CPU.ActiveCfg = Release|Any CPU
		{8B96341D-0382-4AA4-ADA4-A20C44DDFEED}.Release|Any CPU.Build.0 = Release|Any CPU
	EndGlobalSection
	GlobalSection(SolutionProperties) = preSolution
		HideSolutionNode = FALSE
	EndGlobalSection
	GlobalSection(ExtensibilityGlobals) = postSolution
		SolutionGuid = {5320D8C7-49CA-46C2-B034-49DCCBA3F88C}
	EndGlobalSection
EndGlobal
